uuid: 83f9d3a2-9f50-4a1c-8431-1c3b4239c6d0
langcode: en
status: true
dependencies:
  module:
    - ctools
    - suopa_content
  theme:
    - suomidigi
id: suopasocialsharingblock
theme: suomidigi
region: after_content
weight: 0
provider: null
plugin: suopa_content_social_sharing_block
settings:
  id: suopa_content_social_sharing_block
  label: 'SuoPa Social Sharing block'
  provider: suopa_content
  label_display: '0'
visibility:
  'entity_bundle:node':
    id: 'entity_bundle:node'
    bundles:
      article: article
      core_content: core_content
      legislation_card: legislation_card
      legislation_collection_page: legislation_collection_page
      webform: webform
    negate: false
    context_mapping:
      node: '@node.node_route_context:node'
